// !$*UTF8*$!
{
	archiveVersion = 1;
	classes = {
	};
	objectVersion = 56;
	objects = {

/* Begin PBXBuildFile section */
		75F9A52B2A2BA7CC005ED3B9 /* MovieSearchApp.swift in Sources */ = {isa = PBXBuildFile; fileRef = 75F9A52A2A2BA7CC005ED3B9 /* MovieSearchApp.swift */; };
		75F9A52D2A2BA7CC005ED3B9 /* MovieListView.swift in Sources */ = {isa = PBXBuildFile; fileRef = 75F9A52C2A2BA7CC005ED3B9 /* MovieListView.swift */; };
		75F9A52F2A2BA7CC005ED3B9 /* Assets.xcassets in Resources */ = {isa = PBXBuildFile; fileRef = 75F9A52E2A2BA7CC005ED3B9 /* Assets.xcassets */; };
		75F9A5322A2BA7CC005ED3B9 /* Preview Assets.xcassets in Resources */ = {isa = PBXBuildFile; fileRef = 75F9A5312A2BA7CC005ED3B9 /* Preview Assets.xcassets */; };
		75F9A53D2A2BA80B005ED3B9 /* Movie.swift in Sources */ = {isa = PBXBuildFile; fileRef = 75F9A53C2A2BA80B005ED3B9 /* Movie.swift */; };
		75F9A5402A2BA9F6005ED3B9 /* DownloaderClient.swift in Sources */ = {isa = PBXBuildFile; fileRef = 75F9A53F2A2BA9F6005ED3B9 /* DownloaderClient.swift */; };
		75F9A5422A2BB0F4005ED3B9 /* MovieViewModel.swift in Sources */ = {isa = PBXBuildFile; fileRef = 75F9A5412A2BB0F4005ED3B9 /* MovieViewModel.swift */; };
		75F9A5442A2BD4B6005ED3B9 /* ImageDownloaderClient.swift in Sources */ = {isa = PBXBuildFile; fileRef = 75F9A5432A2BD4B6005ED3B9 /* ImageDownloaderClient.swift */; };
		75F9A5462A2BD65C005ED3B9 /* OzelImage.swift in Sources */ = {isa = PBXBuildFile; fileRef = 75F9A5452A2BD65C005ED3B9 /* OzelImage.swift */; };
		75F9A5482A2BDDF2005ED3B9 /* MovieDetail.swift in Sources */ = {isa = PBXBuildFile; fileRef = 75F9A5472A2BDDF2005ED3B9 /* MovieDetail.swift */; };
		75F9A54A2A2BE248005ED3B9 /* MovieDetailViewModel.swift in Sources */ = {isa = PBXBuildFile; fileRef = 75F9A5492A2BE248005ED3B9 /* MovieDetailViewModel.swift */; };
		75F9A54C2A2BE45A005ED3B9 /* DetailView.swift in Sources */ = {isa = PBXBuildFile; fileRef = 75F9A54B2A2BE45A005ED3B9 /* DetailView.swift */; };
/* End PBXBuildFile section */

/* Begin PBXFileReference section */
		75F9A5272A2BA7CC005ED3B9 /* MovieSearch.app */ = {isa = PBXFileReference; explicitFileType = wrapper.application; includeInIndex = 0; path = MovieSearch.app; sourceTree = BUILT_PRODUCTS_DIR; };
		75F9A52A2A2BA7CC005ED3B9 /* MovieSearchApp.swift */ = {isa = PBXFileReference; lastKnownFileType = sourcecode.swift; path = MovieSearchApp.swift; sourceTree = "<group>"; };
		75F9A52C2A2BA7CC005ED3B9 /* MovieListView.swift */ = {isa = PBXFileReference; lastKnownFileType = sourcecode.swift; path = MovieListView.swift; sourceTree = "<group>"; };
		75F9A52E2A2BA7CC005ED3B9 /* Assets.xcassets */ = {isa = PBXFileReference; lastKnownFileType = folder.assetcatalog; path = Assets.xcassets; sourceTree = "<group>"; };
		75F9A5312A2BA7CC005ED3B9 /* Preview Assets.xcassets */ = {isa = PBXFileReference; lastKnownFileType = folder.assetcatalog; path = "Preview Assets.xcassets"; sourceTree = "<group>"; };
		75F9A53C2A2BA80B005ED3B9 /* Movie.swift */ = {isa = PBXFileReference; lastKnownFileType = sourcecode.swift; path = Movie.swift; sourceTree = "<group>"; };
		75F9A53F2A2BA9F6005ED3B9 /* DownloaderClient.swift */ = {isa = PBXFileReference; lastKnownFileType = sourcecode.swift; path = DownloaderClient.swift; sourceTree = "<group>"; };
		75F9A5412A2BB0F4005ED3B9 /* MovieViewModel.swift */ = {isa = PBXFileReference; lastKnownFileType = sourcecode.swift; path = MovieViewModel.swift; sourceTree = "<group>"; };
		75F9A5432A2BD4B6005ED3B9 /* ImageDownloaderClient.swift */ = {isa = PBXFileReference; lastKnownFileType = sourcecode.swift; path = ImageDownloaderClient.swift; sourceTree = "<group>"; };
		75F9A5452A2BD65C005ED3B9 /* OzelImage.swift */ = {isa = PBXFileReference; lastKnownFileType = sourcecode.swift; path = OzelImage.swift; sourceTree = "<group>"; };
		75F9A5472A2BDDF2005ED3B9 /* MovieDetail.swift */ = {isa = PBXFileReference; lastKnownFileType = sourcecode.swift; path = MovieDetail.swift; sourceTree = "<group>"; };
		75F9A5492A2BE248005ED3B9 /* MovieDetailViewModel.swift */ = {isa = PBXFileReference; lastKnownFileType = sourcecode.swift; path = MovieDetailViewModel.swift; sourceTree = "<group>"; };
		75F9A54B2A2BE45A005ED3B9 /* DetailView.swift */ = {isa = PBXFileReference; lastKnownFileType = sourcecode.swift; path = DetailView.swift; sourceTree = "<group>"; };
/* End PBXFileReference section */

/* Begin PBXFrameworksBuildPhase section */
		75F9A5242A2BA7CB005ED3B9 /* Frameworks */ = {
			isa = PBXFrameworksBuildPhase;
			buildActionMask = 2147483647;
			files = (
			);
			runOnlyForDeploymentPostprocessing = 0;
		};
/* End PBXFrameworksBuildPhase section */

/* Begin PBXGroup section */
		75F9A51E2A2BA7CB005ED3B9 = {
			isa = PBXGroup;
			children = (
				75F9A5292A2BA7CC005ED3B9 /* MovieSearch */,
				75F9A5282A2BA7CC005ED3B9 /* Products */,
			);
			sourceTree = "<group>";
		};
		75F9A5282A2BA7CC005ED3B9 /* Products */ = {
			isa = PBXGroup;
			children = (
				75F9A5272A2BA7CC005ED3B9 /* MovieSearch.app */,
			);
			name = Products;
			sourceTree = "<group>";
		};
		75F9A5292A2BA7CC005ED3B9 /* MovieSearch */ = {
			isa = PBXGroup;
			children = (
				75F9A53E2A2BA9CD005ED3B9 /* Service */,
				75F9A53B2A2BA7F6005ED3B9 /* App */,
				75F9A53A2A2BA7F1005ED3B9 /* View */,
				75F9A5392A2BA7ED005ED3B9 /* ViewModel */,
				75F9A5382A2BA7DF005ED3B9 /* Model */,
				75F9A52E2A2BA7CC005ED3B9 /* Assets.xcassets */,
				75F9A5302A2BA7CC005ED3B9 /* Preview Content */,
			);
			path = MovieSearch;
			sourceTree = "<group>";
		};
		75F9A5302A2BA7CC005ED3B9 /* Preview Content */ = {
			isa = PBXGroup;
			children = (
				75F9A5312A2BA7CC005ED3B9 /* Preview Assets.xcassets */,
			);
			path = "Preview Content";
			sourceTree = "<group>";
		};
		75F9A5382A2BA7DF005ED3B9 /* Model */ = {
			isa = PBXGroup;
			children = (
				75F9A53C2A2BA80B005ED3B9 /* Movie.swift */,
				75F9A5472A2BDDF2005ED3B9 /* MovieDetail.swift */,
			);
			path = Model;
			sourceTree = "<group>";
		};
		75F9A5392A2BA7ED005ED3B9 /* ViewModel */ = {
			isa = PBXGroup;
			children = (
				75F9A5412A2BB0F4005ED3B9 /* MovieViewModel.swift */,
				75F9A5492A2BE248005ED3B9 /* MovieDetailViewModel.swift */,
			);
			path = ViewModel;
			sourceTree = "<group>";
		};
		75F9A53A2A2BA7F1005ED3B9 /* View */ = {
			isa = PBXGroup;
			children = (
				75F9A52C2A2BA7CC005ED3B9 /* MovieListView.swift */,
				75F9A5452A2BD65C005ED3B9 /* OzelImage.swift */,
				75F9A54B2A2BE45A005ED3B9 /* DetailView.swift */,
			);
			path = View;
			sourceTree = "<group>";
		};
		75F9A53B2A2BA7F6005ED3B9 /* App */ = {
			isa = PBXGroup;
			children = (
				75F9A52A2A2BA7CC005ED3B9 /* MovieSearchApp.swift */,
			);
			path = App;
			sourceTree = "<group>";
		};
		75F9A53E2A2BA9CD005ED3B9 /* Service */ = {
			isa = PBXGroup;
			children = (
				75F9A53F2A2BA9F6005ED3B9 /* DownloaderClient.swift */,
				75F9A5432A2BD4B6005ED3B9 /* ImageDownloaderClient.swift */,
			);
			path = Service;
			sourceTree = "<group>";
		};
/* End PBXGroup section */

/* Begin PBXNativeTarget section */
		75F9A5262A2BA7CB005ED3B9 /* MovieSearch */ = {
			isa = PBXNativeTarget;
			buildConfigurationList = 75F9A5352A2BA7CC005ED3B9 /* Build configuration list for PBXNativeTarget "MovieSearch" */;
			buildPhases = (
				75F9A5232A2BA7CB005ED3B9 /* Sources */,
				75F9A5242A2BA7CB005ED3B9 /* Frameworks */,
				75F9A5252A2BA7CB005ED3B9 /* Resources */,
			);
			buildRules = (
			);
			dependencies = (
			);
			name = MovieSearch;
			productName = MovieSearch;
			productReference = 75F9A5272A2BA7CC005ED3B9 /* MovieSearch.app */;
			productType = "com.apple.product-type.application";
		};
/* End PBXNativeTarget section */

/* Begin PBXProject section */
		75F9A51F2A2BA7CB005ED3B9 /* Project object */ = {
			isa = PBXProject;
			attributes = {
				BuildIndependentTargetsInParallel = 1;
				LastSwiftUpdateCheck = 1430;
				LastUpgradeCheck = 1430;
				TargetAttributes = {
					75F9A5262A2BA7CB005ED3B9 = {
						CreatedOnToolsVersion = 14.3.1;
					};
				};
			};
			buildConfigurationList = 75F9A5222A2BA7CB005ED3B9 /* Build configuration list for PBXProject "MovieSearch" */;
			compatibilityVersion = "Xcode 14.0";
			developmentRegion = en;
			hasScannedForEncodings = 0;
			knownRegions = (
				en,
				Base,
			);
			mainGroup = 75F9A51E2A2BA7CB005ED3B9;
			productRefGroup = 75F9A5282A2BA7CC005ED3B9 /* Products */;
			projectDirPath = "";
			projectRoot = "";
			targets = (
				75F9A5262A2BA7CB005ED3B9 /* MovieSearch */,
			);
		};
/* End PBXProject section */

/* Begin PBXResourcesBuildPhase section */
		75F9A5252A2BA7CB005ED3B9 /* Resources */ = {
			isa = PBXResourcesBuildPhase;
			buildActionMask = 2147483647;
			files = (
				75F9A5322A2BA7CC005ED3B9 /* Preview Assets.xcassets in Resources */,
				75F9A52F2A2BA7CC005ED3B9 /* Assets.xcassets in Resources */,
			);
			runOnlyForDeploymentPostprocessing = 0;
		};
/* End PBXResourcesBuildPhase section */

/* Begin PBXSourcesBuildPhase section */
		75F9A5232A2BA7CB005ED3B9 /* Sources */ = {
			isa = PBXSourcesBuildPhase;
			buildActionMask = 2147483647;
			files = (
				75F9A5462A2BD65C005ED3B9 /* OzelImage.swift in Sources */,
				75F9A52D2A2BA7CC005ED3B9 /* MovieListView.swift in Sources */,
				75F9A5422A2BB0F4005ED3B9 /* MovieViewModel.swift in Sources */,
				75F9A54C2A2BE45A005ED3B9 /* DetailView.swift in Sources */,
				75F9A52B2A2BA7CC005ED3B9 /* MovieSearchApp.swift in Sources */,
				75F9A53D2A2BA80B005ED3B9 /* Movie.swift in Sources */,
				75F9A5402A2BA9F6005ED3B9 /* DownloaderClient.swift in Sources */,
				75F9A5442A2BD4B6005ED3B9 /* ImageDownloaderClient.swift in Sources */,
				75F9A5482A2BDDF2005ED3B9 /* MovieDetail.swift in Sources */,
				75F9A54A2A2BE248005ED3B9 /* MovieDetailViewModel.swift in Sources */,
			);
			runOnlyForDeploymentPostprocessing = 0;
		};
/* End PBXSourcesBuildPhase section */

/* Begin XCBuildConfiguration section */
		75F9A5332A2BA7CC005ED3B9 /* Debug */ = {
			isa = XCBuildConfiguration;
			buildSettings = {
				ALWAYS_SEARCH_USER_PATHS = NO;
				CLANG_ANALYZER_NONNULL = YES;
				CLANG_ANALYZER_NUMBER_OBJECT_CONVERSION = YES_AGGRESSIVE;
				CLANG_CXX_LANGUAGE_STANDARD = "gnu++20";
				CLANG_ENABLE_MODULES = YES;
				CLANG_ENABLE_OBJC_ARC = YES;
				CLANG_ENABLE_OBJC_WEAK = YES;
				CLANG_WARN_BLOCK_CAPTURE_AUTORELEASING = YES;
				CLANG_WARN_BOOL_CONVERSION = YES;
				CLANG_WARN_COMMA = YES;
				CLANG_WARN_CONSTANT_CONVERSION = YES;
				CLANG_WARN_DEPRECATED_OBJC_IMPLEMENTATIONS = YES;
				CLANG_WARN_DIRECT_OBJC_ISA_USAGE = YES_ERROR;
				CLANG_WARN_DOCUMENTATION_COMMENTS = YES;
				CLANG_WARN_EMPTY_BODY = YES;
				CLANG_WARN_ENUM_CONVERSION = YES;
				CLANG_WARN_INFINITE_RECURSION = YES;
				CLANG_WARN_INT_CONVERSION = YES;
				CLANG_WARN_NON_LITERAL_NULL_CONVERSION = YES;
				CLANG_WARN_OBJC_IMPLICIT_RETAIN_SELF = YES;
				CLANG_WARN_OBJC_LITERAL_CONVERSION = YES;
				CLANG_WARN_OBJC_ROOT_CLASS = YES_ERROR;
				CLANG_WARN_QUOTED_INCLUDE_IN_FRAMEWORK_HEADER = YES;
				CLANG_WARN_RANGE_LOOP_ANALYSIS = YES;
				CLANG_WARN_STRICT_PROTOTYPES = YES;
				CLANG_WARN_SUSPICIOUS_MOVE = YES;
				CLANG_WARN_UNGUARDED_AVAILABILITY = YES_AGGRESSIVE;
				CLANG_WARN_UNREACHABLE_CODE = YES;
				CLANG_WARN__DUPLICATE_METHOD_MATCH = YES;
				COPY_PHASE_STRIP = NO;
				DEBUG_INFORMATION_FORMAT = dwarf;
				ENABLE_STRICT_OBJC_MSGSEND = YES;
				ENABLE_TESTABILITY = YES;
				GCC_C_LANGUAGE_STANDARD = gnu11;
				GCC_DYNAMIC_NO_PIC = NO;
				GCC_NO_COMMON_BLOCKS = YES;
				GCC_OPTIMIZATION_LEVEL = 0;
				GCC_PREPROCESSOR_DEFINITIONS = (
					"DEBUG=1",
					"$(inherited)",
				);
				GCC_WARN_64_TO_32_BIT_CONVERSION = YES;
				GCC_WARN_ABOUT_RETURN_TYPE = YES_ERROR;
				GCC_WARN_UNDECLARED_SELECTOR = YES;
				GCC_WARN_UNINITIALIZED_AUTOS = YES_AGGRESSIVE;
				GCC_WARN_UNUSED_FUNCTION = YES;
				GCC_WARN_UNUSED_VARIABLE = YES;
				IPHONEOS_DEPLOYMENT_TARGET = 16.4;
				MTL_ENABLE_DEBUG_INFO = INCLUDE_SOURCE;
				MTL_FAST_MATH = YES;
				ONLY_ACTIVE_ARCH = YES;
				SDKROOT = iphoneos;
				SWIFT_ACTIVE_COMPILATION_CONDITIONS = DEBUG;
				SWIFT_OPTIMIZATION_LEVEL = "-Onone";
			};
			name = Debug;
		};
		75F9A5342A2BA7CC005ED3B9 /* Release */ = {
			isa = XCBuildConfiguration;
			buildSettings = {
				ALWAYS_SEARCH_USER_PATHS = NO;
				CLANG_ANALYZER_NONNULL = YES;
				CLANG_ANALYZER_NUMBER_OBJECT_CONVERSION = YES_AGGRESSIVE;
				CLANG_CXX_LANGUAGE_STANDARD = "gnu++20";
				CLANG_ENABLE_MODULES = YES;
				CLANG_ENABLE_OBJC_ARC = YES;
				CLANG_ENABLE_OBJC_WEAK = YES;
				CLANG_WARN_BLOCK_CAPTURE_AUTORELEASING = YES;
				CLANG_WARN_BOOL_CONVERSION = YES;
				CLANG_WARN_COMMA = YES;
				CLANG_WARN_CONSTANT_CONVERSION = YES;
				CLANG_WARN_DEPRECATED_OBJC_IMPLEMENTATIONS = YES;
				CLANG_WARN_DIRECT_OBJC_ISA_USAGE = YES_ERROR;
				CLANG_WARN_DOCUMENTATION_COMMENTS = YES;
				CLANG_WARN_EMPTY_BODY = YES;
				CLANG_WARN_ENUM_CONVERSION = YES;
				CLANG_WARN_INFINITE_RECURSION = YES;
				CLANG_WARN_INT_CONVERSION = YES;
				CLANG_WARN_NON_LITERAL_NULL_CONVERSION = YES;
				CLANG_WARN_OBJC_IMPLICIT_RETAIN_SELF = YES;
				CLANG_WARN_OBJC_LITERAL_CONVERSION = YES;
				CLANG_WARN_OBJC_ROOT_CLASS = YES_ERROR;
				CLANG_WARN_QUOTED_INCLUDE_IN_FRAMEWORK_HEADER = YES;
				CLANG_WARN_RANGE_LOOP_ANALYSIS = YES;
				CLANG_WARN_STRICT_PROTOTYPES = YES;
				CLANG_WARN_SUSPICIOUS_MOVE = YES;
				CLANG_WARN_UNGUARDED_AVAILABILITY = YES_AGGRESSIVE;
				CLANG_WARN_UNREACHABLE_CODE = YES;
				CLANG_WARN__DUPLICATE_METHOD_MATCH = YES;
				COPY_PHASE_STRIP = NO;
				DEBUG_INFORMATION_FORMAT = "dwarf-with-dsym";
				ENABLE_NS_ASSERTIONS = NO;
				ENABLE_STRICT_OBJC_MSGSEND = YES;
				GCC_C_LANGUAGE_STANDARD = gnu11;
				GCC_NO_COMMON_BLOCKS = YES;
				GCC_WARN_64_TO_32_BIT_CONVERSION = YES;
				GCC_WARN_ABOUT_RETURN_TYPE = YES_ERROR;
				GCC_WARN_UNDECLARED_SELECTOR = YES;
				GCC_WARN_UNINITIALIZED_AUTOS = YES_AGGRESSIVE;
				GCC_WARN_UNUSED_FUNCTION = YES;
				GCC_WARN_UNUSED_VARIABLE = YES;
				IPHONEOS_DEPLOYMENT_TARGET = 16.4;
				MTL_ENABLE_DEBUG_INFO = NO;
				MTL_FAST_MATH = YES;
				SDKROOT = iphoneos;
				SWIFT_COMPILATION_MODE = wholemodule;
				SWIFT_OPTIMIZATION_LEVEL = "-O";
				VALIDATE_PRODUCT = YES;
			};
			name = Release;
		};
		75F9A5362A2BA7CC005ED3B9 /* Debug */ = {
			isa = XCBuildConfiguration;
			buildSettings = {
				ASSETCATALOG_COMPILER_APPICON_NAME = AppIcon;
				ASSETCATALOG_COMPILER_GLOBAL_ACCENT_COLOR_NAME = AccentColor;
				CODE_SIGN_STYLE = Automatic;
				CURRENT_PROJECT_VERSION = 1;
				DEVELOPMENT_ASSET_PATHS = "\"MovieSearch/Preview Content\"";
				DEVELOPMENT_TEAM = 7Z555WXAWF;
				ENABLE_PREVIEWS = YES;
				GENERATE_INFOPLIST_FILE = YES;
				INFOPLIST_KEY_UIApplicationSceneManifest_Generation = YES;
				INFOPLIST_KEY_UIApplicationSupportsIndirectInputEvents = YES;
				INFOPLIST_KEY_UILaunchScreen_Generation = YES;
				INFOPLIST_KEY_UISupportedInterfaceOrientations_iPad = "UIInterfaceOrientationPortrait UIInterfaceOrientationPortraitUpsideDown UIInterfaceOrientationLandscapeLeft UIInterfaceOrientationLandscapeRight";
				INFOPLIST_KEY_UISupportedInterfaceOrientations_iPhone = "UIInterfaceOrientationPortrait UIInterfaceOrientationLandscapeLeft UIInterfaceOrientationLandscapeRight";
				LD_RUNPATH_SEARCH_PATHS = (
					"$(inherited)",
					"@executable_path/Frameworks",
				);
				MARKETING_VERSION = 1.0;
				PRODUCT_BUNDLE_IDENTIFIER = co.EmirKeles.MovieSearch;
				PRODUCT_NAME = "$(TARGET_NAME)";
				SWIFT_EMIT_LOC_STRINGS = YES;
				SWIFT_VERSION = 5.0;
				TARGETED_DEVICE_FAMILY = "1,2";
			};
			name = Debug;
		};
		75F9A5372A2BA7CC005ED3B9 /* Release */ = {
			isa = XCBuildConfiguration;
			buildSettings = {
				ASSETCATALOG_COMPILER_APPICON_NAME = AppIcon;
				ASSETCATALOG_COMPILER_GLOBAL_ACCENT_COLOR_NAME = AccentColor;
				CODE_SIGN_STYLE = Automatic;
				CURRENT_PROJECT_VERSION = 1;
				DEVELOPMENT_ASSET_PATHS = "\"MovieSearch/Preview Content\"";
				DEVELOPMENT_TEAM = 7Z555WXAWF;
				ENABLE_PREVIEWS = YES;
				GENERATE_INFOPLIST_FILE = YES;
				INFOPLIST_KEY_UIApplicationSceneManifest_Generation = YES;
				INFOPLIST_KEY_UIApplicationSupportsIndirectInputEvents = YES;
				INFOPLIST_KEY_UILaunchScreen_Generation = YES;
				INFOPLIST_KEY_UISupportedInterfaceOrientations_iPad = "UIInterfaceOrientationPortrait UIInterfaceOrientationPortraitUpsideDown UIInterfaceOrientationLandscapeLeft UIInterfaceOrientationLandscapeRight";
				INFOPLIST_KEY_UISupportedInterfaceOrientations_iPhone = "UIInterfaceOrientationPortrait UIInterfaceOrientationLandscapeLeft UIInterfaceOrientationLandscapeRight";
				LD_RUNPATH_SEARCH_PATHS = (
					"$(inherited)",
					"@executable_path/Frameworks",
				);
				MARKETING_VERSION = 1.0;
				PRODUCT_BUNDLE_IDENTIFIER = co.EmirKeles.MovieSearch;
				PRODUCT_NAME = "$(TARGET_NAME)";
				SWIFT_EMIT_LOC_STRINGS = YES;
				SWIFT_VERSION = 5.0;
				TARGETED_DEVICE_FAMILY = "1,2";
			};
			name = Release;
		};
/* End XCBuildConfiguration section */

/* Begin XCConfigurationList section */
		75F9A5222A2BA7CB005ED3B9 /* Build configuration list for PBXProject "MovieSearch" */ = {
			isa = XCConfigurationList;
			buildConfigurations = (
				75F9A5332A2BA7CC005ED3B9 /* Debug */,
				75F9A5342A2BA7CC005ED3B9 /* Release */,
			);
			defaultConfigurationIsVisible = 0;
			defaultConfigurationName = Release;
		};
		75F9A5352A2BA7CC005ED3B9 /* Build configuration list for PBXNativeTarget "MovieSearch" */ = {
			isa = XCConfigurationList;
			buildConfigurations = (
				75F9A5362A2BA7CC005ED3B9 /* Debug */,
				75F9A5372A2BA7CC005ED3B9 /* Release */,
			);
			defaultConfigurationIsVisible = 0;
			defaultConfigurationName = Release;
		};
/* End XCConfigurationList section */
	};
	rootObject = 75F9A51F2A2BA7CB005ED3B9 /* Project object */;
}
