// !$*UTF8*$!
{
	archiveVersion = 1;
	classes = {
	};
	objectVersion = 56;
	objects = {

/* Begin PBXBuildFile section */
		75C2AD472A2388F200C58B96 /* AppDelegate.swift in Sources */ = {isa = PBXBuildFile; fileRef = 75C2AD462A2388F200C58B96 /* AppDelegate.swift */; };
		75C2AD492A2388F200C58B96 /* SceneDelegate.swift in Sources */ = {isa = PBXBuildFile; fileRef = 75C2AD482A2388F200C58B96 /* SceneDelegate.swift */; };
		75C2AD4B2A2388F200C58B96 /* MapsViewController.swift in Sources */ = {isa = PBXBuildFile; fileRef = 75C2AD4A2A2388F200C58B96 /* MapsViewController.swift */; };
		75C2AD4E2A2388F200C58B96 /* Main.storyboard in Resources */ = {isa = PBXBuildFile; fileRef = 75C2AD4C2A2388F200C58B96 /* Main.storyboard */; };
		75C2AD512A2388F200C58B96 /* HaritaUygulamasi.xcdatamodeld in Sources */ = {isa = PBXBuildFile; fileRef = 75C2AD4F2A2388F200C58B96 /* HaritaUygulamasi.xcdatamodeld */; };
		75C2AD532A2388F300C58B96 /* Assets.xcassets in Resources */ = {isa = PBXBuildFile; fileRef = 75C2AD522A2388F300C58B96 /* Assets.xcassets */; };
		75C2AD562A2388F300C58B96 /* LaunchScreen.storyboard in Resources */ = {isa = PBXBuildFile; fileRef = 75C2AD542A2388F300C58B96 /* LaunchScreen.storyboard */; };
		75C2AD5E2A23958600C58B96 /* ListViewController.swift in Sources */ = {isa = PBXBuildFile; fileRef = 75C2AD5D2A23958600C58B96 /* ListViewController.swift */; };
/* End PBXBuildFile section */

/* Begin PBXFileReference section */
		75C2AD432A2388F200C58B96 /* HaritaUygulamasi.app */ = {isa = PBXFileReference; explicitFileType = wrapper.application; includeInIndex = 0; path = HaritaUygulamasi.app; sourceTree = BUILT_PRODUCTS_DIR; };
		75C2AD462A2388F200C58B96 /* AppDelegate.swift */ = {isa = PBXFileReference; lastKnownFileType = sourcecode.swift; path = AppDelegate.swift; sourceTree = "<group>"; };
		75C2AD482A2388F200C58B96 /* SceneDelegate.swift */ = {isa = PBXFileReference; lastKnownFileType = sourcecode.swift; path = SceneDelegate.swift; sourceTree = "<group>"; };
		75C2AD4A2A2388F200C58B96 /* MapsViewController.swift */ = {isa = PBXFileReference; lastKnownFileType = sourcecode.swift; path = MapsViewController.swift; sourceTree = "<group>"; };
		75C2AD4D2A2388F200C58B96 /* Base */ = {isa = PBXFileReference; lastKnownFileType = file.storyboard; name = Base; path = Base.lproj/Main.storyboard; sourceTree = "<group>"; };
		75C2AD502A2388F200C58B96 /* HaritaUygulamasi.xcdatamodel */ = {isa = PBXFileReference; lastKnownFileType = wrapper.xcdatamodel; path = HaritaUygulamasi.xcdatamodel; sourceTree = "<group>"; };
		75C2AD522A2388F300C58B96 /* Assets.xcassets */ = {isa = PBXFileReference; lastKnownFileType = folder.assetcatalog; path = Assets.xcassets; sourceTree = "<group>"; };
		75C2AD552A2388F300C58B96 /* Base */ = {isa = PBXFileReference; lastKnownFileType = file.storyboard; name = Base; path = Base.lproj/LaunchScreen.storyboard; sourceTree = "<group>"; };
		75C2AD572A2388F300C58B96 /* Info.plist */ = {isa = PBXFileReference; lastKnownFileType = text.plist.xml; path = Info.plist; sourceTree = "<group>"; };
		75C2AD5D2A23958600C58B96 /* ListViewController.swift */ = {isa = PBXFileReference; lastKnownFileType = sourcecode.swift; path = ListViewController.swift; sourceTree = "<group>"; };
/* End PBXFileReference section */

/* Begin PBXFrameworksBuildPhase section */
		75C2AD402A2388F200C58B96 /* Frameworks */ = {
			isa = PBXFrameworksBuildPhase;
			buildActionMask = 2147483647;
			files = (
			);
			runOnlyForDeploymentPostprocessing = 0;
		};
/* End PBXFrameworksBuildPhase section */

/* Begin PBXGroup section */
		75C2AD3A2A2388F200C58B96 = {
			isa = PBXGroup;
			children = (
				75C2AD452A2388F200C58B96 /* HaritaUygulamasi */,
				75C2AD442A2388F200C58B96 /* Products */,
			);
			sourceTree = "<group>";
		};
		75C2AD442A2388F200C58B96 /* Products */ = {
			isa = PBXGroup;
			children = (
				75C2AD432A2388F200C58B96 /* HaritaUygulamasi.app */,
			);
			name = Products;
			sourceTree = "<group>";
		};
		75C2AD452A2388F200C58B96 /* HaritaUygulamasi */ = {
			isa = PBXGroup;
			children = (
				75C2AD462A2388F200C58B96 /* AppDelegate.swift */,
				75C2AD482A2388F200C58B96 /* SceneDelegate.swift */,
				75C2AD4A2A2388F200C58B96 /* MapsViewController.swift */,
				75C2AD4C2A2388F200C58B96 /* Main.storyboard */,
				75C2AD522A2388F300C58B96 /* Assets.xcassets */,
				75C2AD542A2388F300C58B96 /* LaunchScreen.storyboard */,
				75C2AD572A2388F300C58B96 /* Info.plist */,
				75C2AD4F2A2388F200C58B96 /* HaritaUygulamasi.xcdatamodeld */,
				75C2AD5D2A23958600C58B96 /* ListViewController.swift */,
			);
			path = HaritaUygulamasi;
			sourceTree = "<group>";
		};
/* End PBXGroup section */

/* Begin PBXNativeTarget section */
		75C2AD422A2388F200C58B96 /* HaritaUygulamasi */ = {
			isa = PBXNativeTarget;
			buildConfigurationList = 75C2AD5A2A2388F300C58B96 /* Build configuration list for PBXNativeTarget "HaritaUygulamasi" */;
			buildPhases = (
				75C2AD3F2A2388F200C58B96 /* Sources */,
				75C2AD402A2388F200C58B96 /* Frameworks */,
				75C2AD412A2388F200C58B96 /* Resources */,
			);
			buildRules = (
			);
			dependencies = (
			);
			name = HaritaUygulamasi;
			productName = HaritaUygulamasi;
			productReference = 75C2AD432A2388F200C58B96 /* HaritaUygulamasi.app */;
			productType = "com.apple.product-type.application";
		};
/* End PBXNativeTarget section */

/* Begin PBXProject section */
		75C2AD3B2A2388F200C58B96 /* Project object */ = {
			isa = PBXProject;
			attributes = {
				BuildIndependentTargetsInParallel = 1;
				LastSwiftUpdateCheck = 1430;
				LastUpgradeCheck = 1430;
				TargetAttributes = {
					75C2AD422A2388F200C58B96 = {
						CreatedOnToolsVersion = 14.3;
					};
				};
			};
			buildConfigurationList = 75C2AD3E2A2388F200C58B96 /* Build configuration list for PBXProject "HaritaUygulamasi" */;
			compatibilityVersion = "Xcode 14.0";
			developmentRegion = en;
			hasScannedForEncodings = 0;
			knownRegions = (
				en,
				Base,
			);
			mainGroup = 75C2AD3A2A2388F200C58B96;
			productRefGroup = 75C2AD442A2388F200C58B96 /* Products */;
			projectDirPath = "";
			projectRoot = "";
			targets = (
				75C2AD422A2388F200C58B96 /* HaritaUygulamasi */,
			);
		};
/* End PBXProject section */

/* Begin PBXResourcesBuildPhase section */
		75C2AD412A2388F200C58B96 /* Resources */ = {
			isa = PBXResourcesBuildPhase;
			buildActionMask = 2147483647;
			files = (
				75C2AD562A2388F300C58B96 /* LaunchScreen.storyboard in Resources */,
				75C2AD532A2388F300C58B96 /* Assets.xcassets in Resources */,
				75C2AD4E2A2388F200C58B96 /* Main.storyboard in Resources */,
			);
			runOnlyForDeploymentPostprocessing = 0;
		};
/* End PBXResourcesBuildPhase section */

/* Begin PBXSourcesBuildPhase section */
		75C2AD3F2A2388F200C58B96 /* Sources */ = {
			isa = PBXSourcesBuildPhase;
			buildActionMask = 2147483647;
			files = (
				75C2AD4B2A2388F200C58B96 /* MapsViewController.swift in Sources */,
				75C2AD472A2388F200C58B96 /* AppDelegate.swift in Sources */,
				75C2AD492A2388F200C58B96 /* SceneDelegate.swift in Sources */,
				75C2AD5E2A23958600C58B96 /* ListViewController.swift in Sources */,
				75C2AD512A2388F200C58B96 /* HaritaUygulamasi.xcdatamodeld in Sources */,
			);
			runOnlyForDeploymentPostprocessing = 0;
		};
/* End PBXSourcesBuildPhase section */

/* Begin PBXVariantGroup section */
		75C2AD4C2A2388F200C58B96 /* Main.storyboard */ = {
			isa = PBXVariantGroup;
			children = (
				75C2AD4D2A2388F200C58B96 /* Base */,
			);
			name = Main.storyboard;
			sourceTree = "<group>";
		};
		75C2AD542A2388F300C58B96 /* LaunchScreen.storyboard */ = {
			isa = PBXVariantGroup;
			children = (
				75C2AD552A2388F300C58B96 /* Base */,
			);
			name = LaunchScreen.storyboard;
			sourceTree = "<group>";
		};
/* End PBXVariantGroup section */

/* Begin XCBuildConfiguration section */
		75C2AD582A2388F300C58B96 /* Debug */ = {
			isa = XCBuildConfiguration;
			buildSettings = {
				ALWAYS_SEARCH_USER_PATHS = NO;
				CLANG_ANALYZER_NONNULL = YES;
				CLANG_ANALYZER_NUMBER_OBJECT_CONVERSION = YES_AGGRESSIVE;
				CLANG_CXX_LANGUAGE_STANDARD = "gnu++20";
				CLANG_ENABLE_MODULES = YES;
				CLANG_ENABLE_OBJC_ARC = YES;
				CLANG_ENABLE_OBJC_WEAK = YES;
				CLANG_WARN_BLOCK_CAPTURE_AUTORELEASING = YES;
				CLANG_WARN_BOOL_CONVERSION = YES;
				CLANG_WARN_COMMA = YES;
				CLANG_WARN_CONSTANT_CONVERSION = YES;
				CLANG_WARN_DEPRECATED_OBJC_IMPLEMENTATIONS = YES;
				CLANG_WARN_DIRECT_OBJC_ISA_USAGE = YES_ERROR;
				CLANG_WARN_DOCUMENTATION_COMMENTS = YES;
				CLANG_WARN_EMPTY_BODY = YES;
				CLANG_WARN_ENUM_CONVERSION = YES;
				CLANG_WARN_INFINITE_RECURSION = YES;
				CLANG_WARN_INT_CONVERSION = YES;
				CLANG_WARN_NON_LITERAL_NULL_CONVERSION = YES;
				CLANG_WARN_OBJC_IMPLICIT_RETAIN_SELF = YES;
				CLANG_WARN_OBJC_LITERAL_CONVERSION = YES;
				CLANG_WARN_OBJC_ROOT_CLASS = YES_ERROR;
				CLANG_WARN_QUOTED_INCLUDE_IN_FRAMEWORK_HEADER = YES;
				CLANG_WARN_RANGE_LOOP_ANALYSIS = YES;
				CLANG_WARN_STRICT_PROTOTYPES = YES;
				CLANG_WARN_SUSPICIOUS_MOVE = YES;
				CLANG_WARN_UNGUARDED_AVAILABILITY = YES_AGGRESSIVE;
				CLANG_WARN_UNREACHABLE_CODE = YES;
				CLANG_WARN__DUPLICATE_METHOD_MATCH = YES;
				COPY_PHASE_STRIP = NO;
				DEBUG_INFORMATION_FORMAT = dwarf;
				ENABLE_STRICT_OBJC_MSGSEND = YES;
				ENABLE_TESTABILITY = YES;
				GCC_C_LANGUAGE_STANDARD = gnu11;
				GCC_DYNAMIC_NO_PIC = NO;
				GCC_NO_COMMON_BLOCKS = YES;
				GCC_OPTIMIZATION_LEVEL = 0;
				GCC_PREPROCESSOR_DEFINITIONS = (
					"DEBUG=1",
					"$(inherited)",
				);
				GCC_WARN_64_TO_32_BIT_CONVERSION = YES;
				GCC_WARN_ABOUT_RETURN_TYPE = YES_ERROR;
				GCC_WARN_UNDECLARED_SELECTOR = YES;
				GCC_WARN_UNINITIALIZED_AUTOS = YES_AGGRESSIVE;
				GCC_WARN_UNUSED_FUNCTION = YES;
				GCC_WARN_UNUSED_VARIABLE = YES;
				IPHONEOS_DEPLOYMENT_TARGET = 16.4;
				MTL_ENABLE_DEBUG_INFO = INCLUDE_SOURCE;
				MTL_FAST_MATH = YES;
				ONLY_ACTIVE_ARCH = YES;
				SDKROOT = iphoneos;
				SWIFT_ACTIVE_COMPILATION_CONDITIONS = DEBUG;
				SWIFT_OPTIMIZATION_LEVEL = "-Onone";
			};
			name = Debug;
		};
		75C2AD592A2388F300C58B96 /* Release */ = {
			isa = XCBuildConfiguration;
			buildSettings = {
				ALWAYS_SEARCH_USER_PATHS = NO;
				CLANG_ANALYZER_NONNULL = YES;
				CLANG_ANALYZER_NUMBER_OBJECT_CONVERSION = YES_AGGRESSIVE;
				CLANG_CXX_LANGUAGE_STANDARD = "gnu++20";
				CLANG_ENABLE_MODULES = YES;
				CLANG_ENABLE_OBJC_ARC = YES;
				CLANG_ENABLE_OBJC_WEAK = YES;
				CLANG_WARN_BLOCK_CAPTURE_AUTORELEASING = YES;
				CLANG_WARN_BOOL_CONVERSION = YES;
				CLANG_WARN_COMMA = YES;
				CLANG_WARN_CONSTANT_CONVERSION = YES;
				CLANG_WARN_DEPRECATED_OBJC_IMPLEMENTATIONS = YES;
				CLANG_WARN_DIRECT_OBJC_ISA_USAGE = YES_ERROR;
				CLANG_WARN_DOCUMENTATION_COMMENTS = YES;
				CLANG_WARN_EMPTY_BODY = YES;
				CLANG_WARN_ENUM_CONVERSION = YES;
				CLANG_WARN_INFINITE_RECURSION = YES;
				CLANG_WARN_INT_CONVERSION = YES;
				CLANG_WARN_NON_LITERAL_NULL_CONVERSION = YES;
				CLANG_WARN_OBJC_IMPLICIT_RETAIN_SELF = YES;
				CLANG_WARN_OBJC_LITERAL_CONVERSION = YES;
				CLANG_WARN_OBJC_ROOT_CLASS = YES_ERROR;
				CLANG_WARN_QUOTED_INCLUDE_IN_FRAMEWORK_HEADER = YES;
				CLANG_WARN_RANGE_LOOP_ANALYSIS = YES;
				CLANG_WARN_STRICT_PROTOTYPES = YES;
				CLANG_WARN_SUSPICIOUS_MOVE = YES;
				CLANG_WARN_UNGUARDED_AVAILABILITY = YES_AGGRESSIVE;
				CLANG_WARN_UNREACHABLE_CODE = YES;
				CLANG_WARN__DUPLICATE_METHOD_MATCH = YES;
				COPY_PHASE_STRIP = NO;
				DEBUG_INFORMATION_FORMAT = "dwarf-with-dsym";
				ENABLE_NS_ASSERTIONS = NO;
				ENABLE_STRICT_OBJC_MSGSEND = YES;
				GCC_C_LANGUAGE_STANDARD = gnu11;
				GCC_NO_COMMON_BLOCKS = YES;
				GCC_WARN_64_TO_32_BIT_CONVERSION = YES;
				GCC_WARN_ABOUT_RETURN_TYPE = YES_ERROR;
				GCC_WARN_UNDECLARED_SELECTOR = YES;
				GCC_WARN_UNINITIALIZED_AUTOS = YES_AGGRESSIVE;
				GCC_WARN_UNUSED_FUNCTION = YES;
				GCC_WARN_UNUSED_VARIABLE = YES;
				IPHONEOS_DEPLOYMENT_TARGET = 16.4;
				MTL_ENABLE_DEBUG_INFO = NO;
				MTL_FAST_MATH = YES;
				SDKROOT = iphoneos;
				SWIFT_COMPILATION_MODE = wholemodule;
				SWIFT_OPTIMIZATION_LEVEL = "-O";
				VALIDATE_PRODUCT = YES;
			};
			name = Release;
		};
		75C2AD5B2A2388F300C58B96 /* Debug */ = {
			isa = XCBuildConfiguration;
			buildSettings = {
				ASSETCATALOG_COMPILER_APPICON_NAME = AppIcon;
				ASSETCATALOG_COMPILER_GLOBAL_ACCENT_COLOR_NAME = AccentColor;
				CODE_SIGN_STYLE = Automatic;
				CURRENT_PROJECT_VERSION = 1;
				DEVELOPMENT_TEAM = 7Z555WXAWF;
				GENERATE_INFOPLIST_FILE = YES;
				INFOPLIST_FILE = HaritaUygulamasi/Info.plist;
				INFOPLIST_KEY_UIApplicationSupportsIndirectInputEvents = YES;
				INFOPLIST_KEY_UILaunchStoryboardName = LaunchScreen;
				INFOPLIST_KEY_UIMainStoryboardFile = Main;
				INFOPLIST_KEY_UISupportedInterfaceOrientations_iPad = "UIInterfaceOrientationPortrait UIInterfaceOrientationPortraitUpsideDown UIInterfaceOrientationLandscapeLeft UIInterfaceOrientationLandscapeRight";
				INFOPLIST_KEY_UISupportedInterfaceOrientations_iPhone = "UIInterfaceOrientationPortrait UIInterfaceOrientationLandscapeLeft UIInterfaceOrientationLandscapeRight";
				LD_RUNPATH_SEARCH_PATHS = (
					"$(inherited)",
					"@executable_path/Frameworks",
				);
				MARKETING_VERSION = 1.0;
				PRODUCT_BUNDLE_IDENTIFIER = co.EmirKeles.HaritaUygulamasi;
				PRODUCT_NAME = "$(TARGET_NAME)";
				SWIFT_EMIT_LOC_STRINGS = YES;
				SWIFT_VERSION = 5.0;
				TARGETED_DEVICE_FAMILY = "1,2";
			};
			name = Debug;
		};
		75C2AD5C2A2388F300C58B96 /* Release */ = {
			isa = XCBuildConfiguration;
			buildSettings = {
				ASSETCATALOG_COMPILER_APPICON_NAME = AppIcon;
				ASSETCATALOG_COMPILER_GLOBAL_ACCENT_COLOR_NAME = AccentColor;
				CODE_SIGN_STYLE = Automatic;
				CURRENT_PROJECT_VERSION = 1;
				DEVELOPMENT_TEAM = 7Z555WXAWF;
				GENERATE_INFOPLIST_FILE = YES;
				INFOPLIST_FILE = HaritaUygulamasi/Info.plist;
				INFOPLIST_KEY_UIApplicationSupportsIndirectInputEvents = YES;
				INFOPLIST_KEY_UILaunchStoryboardName = LaunchScreen;
				INFOPLIST_KEY_UIMainStoryboardFile = Main;
				INFOPLIST_KEY_UISupportedInterfaceOrientations_iPad = "UIInterfaceOrientationPortrait UIInterfaceOrientationPortraitUpsideDown UIInterfaceOrientationLandscapeLeft UIInterfaceOrientationLandscapeRight";
				INFOPLIST_KEY_UISupportedInterfaceOrientations_iPhone = "UIInterfaceOrientationPortrait UIInterfaceOrientationLandscapeLeft UIInterfaceOrientationLandscapeRight";
				LD_RUNPATH_SEARCH_PATHS = (
					"$(inherited)",
					"@executable_path/Frameworks",
				);
				MARKETING_VERSION = 1.0;
				PRODUCT_BUNDLE_IDENTIFIER = co.EmirKeles.HaritaUygulamasi;
				PRODUCT_NAME = "$(TARGET_NAME)";
				SWIFT_EMIT_LOC_STRINGS = YES;
				SWIFT_VERSION = 5.0;
				TARGETED_DEVICE_FAMILY = "1,2";
			};
			name = Release;
		};
/* End XCBuildConfiguration section */

/* Begin XCConfigurationList section */
		75C2AD3E2A2388F200C58B96 /* Build configuration list for PBXProject "HaritaUygulamasi" */ = {
			isa = XCConfigurationList;
			buildConfigurations = (
				75C2AD582A2388F300C58B96 /* Debug */,
				75C2AD592A2388F300C58B96 /* Release */,
			);
			defaultConfigurationIsVisible = 0;
			defaultConfigurationName = Release;
		};
		75C2AD5A2A2388F300C58B96 /* Build configuration list for PBXNativeTarget "HaritaUygulamasi" */ = {
			isa = XCConfigurationList;
			buildConfigurations = (
				75C2AD5B2A2388F300C58B96 /* Debug */,
				75C2AD5C2A2388F300C58B96 /* Release */,
			);
			defaultConfigurationIsVisible = 0;
			defaultConfigurationName = Release;
		};
/* End XCConfigurationList section */

/* Begin XCVersionGroup section */
		75C2AD4F2A2388F200C58B96 /* HaritaUygulamasi.xcdatamodeld */ = {
			isa = XCVersionGroup;
			children = (
				75C2AD502A2388F200C58B96 /* HaritaUygulamasi.xcdatamodel */,
			);
			currentVersion = 75C2AD502A2388F200C58B96 /* HaritaUygulamasi.xcdatamodel */;
			path = HaritaUygulamasi.xcdatamodeld;
			sourceTree = "<group>";
			versionGroupType = wrapper.xcdatamodel;
		};
/* End XCVersionGroup section */
	};
	rootObject = 75C2AD3B2A2388F200C58B96 /* Project object */;
}
