// !$*UTF8*$!
{
	archiveVersion = 1;
	classes = {
	};
	objectVersion = 56;
	objects = {

/* Begin PBXBuildFile section */
		750BD34E2A24E5D100BD8945 /* AppDelegate.swift in Sources */ = {isa = PBXBuildFile; fileRef = 750BD34D2A24E5D100BD8945 /* AppDelegate.swift */; };
		750BD3502A24E5D100BD8945 /* SceneDelegate.swift in Sources */ = {isa = PBXBuildFile; fileRef = 750BD34F2A24E5D100BD8945 /* SceneDelegate.swift */; };
		750BD3522A24E5D100BD8945 /* ViewController.swift in Sources */ = {isa = PBXBuildFile; fileRef = 750BD3512A24E5D100BD8945 /* ViewController.swift */; };
		750BD3552A24E5D100BD8945 /* Main.storyboard in Resources */ = {isa = PBXBuildFile; fileRef = 750BD3532A24E5D100BD8945 /* Main.storyboard */; };
		750BD3572A24E5D200BD8945 /* Assets.xcassets in Resources */ = {isa = PBXBuildFile; fileRef = 750BD3562A24E5D200BD8945 /* Assets.xcassets */; };
		750BD35A2A24E5D200BD8945 /* LaunchScreen.storyboard in Resources */ = {isa = PBXBuildFile; fileRef = 750BD3582A24E5D200BD8945 /* LaunchScreen.storyboard */; };
		750BD3622A24E6DB00BD8945 /* GoogleService-Info.plist in Resources */ = {isa = PBXBuildFile; fileRef = 750BD3612A24E6DB00BD8945 /* GoogleService-Info.plist */; };
		750BD36D2A24EB6800BD8945 /* FeedViewController.swift in Sources */ = {isa = PBXBuildFile; fileRef = 750BD36C2A24EB6800BD8945 /* FeedViewController.swift */; };
		750BD36F2A24EB7600BD8945 /* UploadViewController.swift in Sources */ = {isa = PBXBuildFile; fileRef = 750BD36E2A24EB7600BD8945 /* UploadViewController.swift */; };
		750BD3712A24EB7F00BD8945 /* SettingsViewController.swift in Sources */ = {isa = PBXBuildFile; fileRef = 750BD3702A24EB7F00BD8945 /* SettingsViewController.swift */; };
		750BD3742A25270400BD8945 /* FirebaseAuth in Frameworks */ = {isa = PBXBuildFile; productRef = 750BD3732A25270400BD8945 /* FirebaseAuth */; };
		750BD3762A25270400BD8945 /* FirebaseAuthCombine-Community in Frameworks */ = {isa = PBXBuildFile; productRef = 750BD3752A25270400BD8945 /* FirebaseAuthCombine-Community */; };
		750BD3782A25270400BD8945 /* FirebaseFirestore in Frameworks */ = {isa = PBXBuildFile; productRef = 750BD3772A25270400BD8945 /* FirebaseFirestore */; };
		750BD37A2A25270400BD8945 /* FirebaseFirestoreCombine-Community in Frameworks */ = {isa = PBXBuildFile; productRef = 750BD3792A25270400BD8945 /* FirebaseFirestoreCombine-Community */; };
		750BD37C2A25270400BD8945 /* FirebaseFirestoreSwift in Frameworks */ = {isa = PBXBuildFile; productRef = 750BD37B2A25270400BD8945 /* FirebaseFirestoreSwift */; };
		750BD37E2A25270400BD8945 /* FirebaseStorage in Frameworks */ = {isa = PBXBuildFile; productRef = 750BD37D2A25270400BD8945 /* FirebaseStorage */; };
		750BD3802A25270400BD8945 /* FirebaseStorageCombine-Community in Frameworks */ = {isa = PBXBuildFile; productRef = 750BD37F2A25270400BD8945 /* FirebaseStorageCombine-Community */; };
		75DAC4572A2616DA000C56D5 /* FeedCell.swift in Sources */ = {isa = PBXBuildFile; fileRef = 75DAC4562A2616DA000C56D5 /* FeedCell.swift */; };
		75DAC45A2A261CF5000C56D5 /* SDWebImage in Frameworks */ = {isa = PBXBuildFile; productRef = 75DAC4592A261CF5000C56D5 /* SDWebImage */; };
		75DAC45C2A261E9C000C56D5 /* Post.swift in Sources */ = {isa = PBXBuildFile; fileRef = 75DAC45B2A261E9C000C56D5 /* Post.swift */; };
/* End PBXBuildFile section */

/* Begin PBXFileReference section */
		750BD34A2A24E5D100BD8945 /* Share Photo.app */ = {isa = PBXFileReference; explicitFileType = wrapper.application; includeInIndex = 0; path = "Share Photo.app"; sourceTree = BUILT_PRODUCTS_DIR; };
		750BD34D2A24E5D100BD8945 /* AppDelegate.swift */ = {isa = PBXFileReference; lastKnownFileType = sourcecode.swift; path = AppDelegate.swift; sourceTree = "<group>"; };
		750BD34F2A24E5D100BD8945 /* SceneDelegate.swift */ = {isa = PBXFileReference; lastKnownFileType = sourcecode.swift; path = SceneDelegate.swift; sourceTree = "<group>"; };
		750BD3512A24E5D100BD8945 /* ViewController.swift */ = {isa = PBXFileReference; lastKnownFileType = sourcecode.swift; path = ViewController.swift; sourceTree = "<group>"; };
		750BD3542A24E5D100BD8945 /* Base */ = {isa = PBXFileReference; lastKnownFileType = file.storyboard; name = Base; path = Base.lproj/Main.storyboard; sourceTree = "<group>"; };
		750BD3562A24E5D200BD8945 /* Assets.xcassets */ = {isa = PBXFileReference; lastKnownFileType = folder.assetcatalog; path = Assets.xcassets; sourceTree = "<group>"; };
		750BD3592A24E5D200BD8945 /* Base */ = {isa = PBXFileReference; lastKnownFileType = file.storyboard; name = Base; path = Base.lproj/LaunchScreen.storyboard; sourceTree = "<group>"; };
		750BD35B2A24E5D200BD8945 /* Info.plist */ = {isa = PBXFileReference; lastKnownFileType = text.plist.xml; path = Info.plist; sourceTree = "<group>"; };
		750BD3612A24E6DB00BD8945 /* GoogleService-Info.plist */ = {isa = PBXFileReference; fileEncoding = 4; lastKnownFileType = text.plist.xml; path = "GoogleService-Info.plist"; sourceTree = "<group>"; };
		750BD36C2A24EB6800BD8945 /* FeedViewController.swift */ = {isa = PBXFileReference; lastKnownFileType = sourcecode.swift; path = FeedViewController.swift; sourceTree = "<group>"; };
		750BD36E2A24EB7600BD8945 /* UploadViewController.swift */ = {isa = PBXFileReference; lastKnownFileType = sourcecode.swift; path = UploadViewController.swift; sourceTree = "<group>"; };
		750BD3702A24EB7F00BD8945 /* SettingsViewController.swift */ = {isa = PBXFileReference; lastKnownFileType = sourcecode.swift; path = SettingsViewController.swift; sourceTree = "<group>"; };
		75DAC4562A2616DA000C56D5 /* FeedCell.swift */ = {isa = PBXFileReference; lastKnownFileType = sourcecode.swift; path = FeedCell.swift; sourceTree = "<group>"; };
		75DAC45B2A261E9C000C56D5 /* Post.swift */ = {isa = PBXFileReference; lastKnownFileType = sourcecode.swift; path = Post.swift; sourceTree = "<group>"; };
/* End PBXFileReference section */

/* Begin PBXFrameworksBuildPhase section */
		750BD3472A24E5D100BD8945 /* Frameworks */ = {
			isa = PBXFrameworksBuildPhase;
			buildActionMask = 2147483647;
			files = (
				750BD37C2A25270400BD8945 /* FirebaseFirestoreSwift in Frameworks */,
				750BD3802A25270400BD8945 /* FirebaseStorageCombine-Community in Frameworks */,
				75DAC45A2A261CF5000C56D5 /* SDWebImage in Frameworks */,
				750BD3742A25270400BD8945 /* FirebaseAuth in Frameworks */,
				750BD37A2A25270400BD8945 /* FirebaseFirestoreCombine-Community in Frameworks */,
				750BD3762A25270400BD8945 /* FirebaseAuthCombine-Community in Frameworks */,
				750BD3782A25270400BD8945 /* FirebaseFirestore in Frameworks */,
				750BD37E2A25270400BD8945 /* FirebaseStorage in Frameworks */,
			);
			runOnlyForDeploymentPostprocessing = 0;
		};
/* End PBXFrameworksBuildPhase section */

/* Begin PBXGroup section */
		750BD3412A24E5D100BD8945 = {
			isa = PBXGroup;
			children = (
				750BD34C2A24E5D100BD8945 /* Share Photo */,
				750BD34B2A24E5D100BD8945 /* Products */,
			);
			sourceTree = "<group>";
		};
		750BD34B2A24E5D100BD8945 /* Products */ = {
			isa = PBXGroup;
			children = (
				750BD34A2A24E5D100BD8945 /* Share Photo.app */,
			);
			name = Products;
			sourceTree = "<group>";
		};
		750BD34C2A24E5D100BD8945 /* Share Photo */ = {
			isa = PBXGroup;
			children = (
				750BD34D2A24E5D100BD8945 /* AppDelegate.swift */,
				750BD34F2A24E5D100BD8945 /* SceneDelegate.swift */,
				750BD3512A24E5D100BD8945 /* ViewController.swift */,
				750BD3532A24E5D100BD8945 /* Main.storyboard */,
				750BD3562A24E5D200BD8945 /* Assets.xcassets */,
				750BD3582A24E5D200BD8945 /* LaunchScreen.storyboard */,
				750BD35B2A24E5D200BD8945 /* Info.plist */,
				750BD3612A24E6DB00BD8945 /* GoogleService-Info.plist */,
				750BD36C2A24EB6800BD8945 /* FeedViewController.swift */,
				750BD36E2A24EB7600BD8945 /* UploadViewController.swift */,
				750BD3702A24EB7F00BD8945 /* SettingsViewController.swift */,
				75DAC4562A2616DA000C56D5 /* FeedCell.swift */,
				75DAC45B2A261E9C000C56D5 /* Post.swift */,
			);
			path = "Share Photo";
			sourceTree = "<group>";
		};
/* End PBXGroup section */

/* Begin PBXNativeTarget section */
		750BD3492A24E5D100BD8945 /* Share Photo */ = {
			isa = PBXNativeTarget;
			buildConfigurationList = 750BD35E2A24E5D200BD8945 /* Build configuration list for PBXNativeTarget "Share Photo" */;
			buildPhases = (
				750BD3462A24E5D100BD8945 /* Sources */,
				750BD3472A24E5D100BD8945 /* Frameworks */,
				750BD3482A24E5D100BD8945 /* Resources */,
			);
			buildRules = (
			);
			dependencies = (
			);
			name = "Share Photo";
			packageProductDependencies = (
				750BD3732A25270400BD8945 /* FirebaseAuth */,
				750BD3752A25270400BD8945 /* FirebaseAuthCombine-Community */,
				750BD3772A25270400BD8945 /* FirebaseFirestore */,
				750BD3792A25270400BD8945 /* FirebaseFirestoreCombine-Community */,
				750BD37B2A25270400BD8945 /* FirebaseFirestoreSwift */,
				750BD37D2A25270400BD8945 /* FirebaseStorage */,
				750BD37F2A25270400BD8945 /* FirebaseStorageCombine-Community */,
				75DAC4592A261CF5000C56D5 /* SDWebImage */,
			);
			productName = "Share Photo";
			productReference = 750BD34A2A24E5D100BD8945 /* Share Photo.app */;
			productType = "com.apple.product-type.application";
		};
/* End PBXNativeTarget section */

/* Begin PBXProject section */
		750BD3422A24E5D100BD8945 /* Project object */ = {
			isa = PBXProject;
			attributes = {
				BuildIndependentTargetsInParallel = 1;
				LastSwiftUpdateCheck = 1430;
				LastUpgradeCheck = 1430;
				TargetAttributes = {
					750BD3492A24E5D100BD8945 = {
						CreatedOnToolsVersion = 14.3;
					};
				};
			};
			buildConfigurationList = 750BD3452A24E5D100BD8945 /* Build configuration list for PBXProject "Share Photo" */;
			compatibilityVersion = "Xcode 14.0";
			developmentRegion = en;
			hasScannedForEncodings = 0;
			knownRegions = (
				en,
				Base,
			);
			mainGroup = 750BD3412A24E5D100BD8945;
			packageReferences = (
				750BD3722A25270400BD8945 /* XCRemoteSwiftPackageReference "firebase-ios-sdk" */,
				75DAC4582A261CF5000C56D5 /* XCRemoteSwiftPackageReference "SDWebImage" */,
			);
			productRefGroup = 750BD34B2A24E5D100BD8945 /* Products */;
			projectDirPath = "";
			projectRoot = "";
			targets = (
				750BD3492A24E5D100BD8945 /* Share Photo */,
			);
		};
/* End PBXProject section */

/* Begin PBXResourcesBuildPhase section */
		750BD3482A24E5D100BD8945 /* Resources */ = {
			isa = PBXResourcesBuildPhase;
			buildActionMask = 2147483647;
			files = (
				750BD35A2A24E5D200BD8945 /* LaunchScreen.storyboard in Resources */,
				750BD3622A24E6DB00BD8945 /* GoogleService-Info.plist in Resources */,
				750BD3572A24E5D200BD8945 /* Assets.xcassets in Resources */,
				750BD3552A24E5D100BD8945 /* Main.storyboard in Resources */,
			);
			runOnlyForDeploymentPostprocessing = 0;
		};
/* End PBXResourcesBuildPhase section */

/* Begin PBXSourcesBuildPhase section */
		750BD3462A24E5D100BD8945 /* Sources */ = {
			isa = PBXSourcesBuildPhase;
			buildActionMask = 2147483647;
			files = (
				75DAC4572A2616DA000C56D5 /* FeedCell.swift in Sources */,
				750BD3522A24E5D100BD8945 /* ViewController.swift in Sources */,
				750BD36F2A24EB7600BD8945 /* UploadViewController.swift in Sources */,
				75DAC45C2A261E9C000C56D5 /* Post.swift in Sources */,
				750BD34E2A24E5D100BD8945 /* AppDelegate.swift in Sources */,
				750BD36D2A24EB6800BD8945 /* FeedViewController.swift in Sources */,
				750BD3502A24E5D100BD8945 /* SceneDelegate.swift in Sources */,
				750BD3712A24EB7F00BD8945 /* SettingsViewController.swift in Sources */,
			);
			runOnlyForDeploymentPostprocessing = 0;
		};
/* End PBXSourcesBuildPhase section */

/* Begin PBXVariantGroup section */
		750BD3532A24E5D100BD8945 /* Main.storyboard */ = {
			isa = PBXVariantGroup;
			children = (
				750BD3542A24E5D100BD8945 /* Base */,
			);
			name = Main.storyboard;
			sourceTree = "<group>";
		};
		750BD3582A24E5D200BD8945 /* LaunchScreen.storyboard */ = {
			isa = PBXVariantGroup;
			children = (
				750BD3592A24E5D200BD8945 /* Base */,
			);
			name = LaunchScreen.storyboard;
			sourceTree = "<group>";
		};
/* End PBXVariantGroup section */

/* Begin XCBuildConfiguration section */
		750BD35C2A24E5D200BD8945 /* Debug */ = {
			isa = XCBuildConfiguration;
			buildSettings = {
				ALWAYS_SEARCH_USER_PATHS = NO;
				CLANG_ANALYZER_NONNULL = YES;
				CLANG_ANALYZER_NUMBER_OBJECT_CONVERSION = YES_AGGRESSIVE;
				CLANG_CXX_LANGUAGE_STANDARD = "gnu++20";
				CLANG_ENABLE_MODULES = YES;
				CLANG_ENABLE_OBJC_ARC = YES;
				CLANG_ENABLE_OBJC_WEAK = YES;
				CLANG_WARN_BLOCK_CAPTURE_AUTORELEASING = YES;
				CLANG_WARN_BOOL_CONVERSION = YES;
				CLANG_WARN_COMMA = YES;
				CLANG_WARN_CONSTANT_CONVERSION = YES;
				CLANG_WARN_DEPRECATED_OBJC_IMPLEMENTATIONS = YES;
				CLANG_WARN_DIRECT_OBJC_ISA_USAGE = YES_ERROR;
				CLANG_WARN_DOCUMENTATION_COMMENTS = YES;
				CLANG_WARN_EMPTY_BODY = YES;
				CLANG_WARN_ENUM_CONVERSION = YES;
				CLANG_WARN_INFINITE_RECURSION = YES;
				CLANG_WARN_INT_CONVERSION = YES;
				CLANG_WARN_NON_LITERAL_NULL_CONVERSION = YES;
				CLANG_WARN_OBJC_IMPLICIT_RETAIN_SELF = YES;
				CLANG_WARN_OBJC_LITERAL_CONVERSION = YES;
				CLANG_WARN_OBJC_ROOT_CLASS = YES_ERROR;
				CLANG_WARN_QUOTED_INCLUDE_IN_FRAMEWORK_HEADER = YES;
				CLANG_WARN_RANGE_LOOP_ANALYSIS = YES;
				CLANG_WARN_STRICT_PROTOTYPES = YES;
				CLANG_WARN_SUSPICIOUS_MOVE = YES;
				CLANG_WARN_UNGUARDED_AVAILABILITY = YES_AGGRESSIVE;
				CLANG_WARN_UNREACHABLE_CODE = YES;
				CLANG_WARN__DUPLICATE_METHOD_MATCH = YES;
				COPY_PHASE_STRIP = NO;
				DEBUG_INFORMATION_FORMAT = dwarf;
				ENABLE_STRICT_OBJC_MSGSEND = YES;
				ENABLE_TESTABILITY = YES;
				GCC_C_LANGUAGE_STANDARD = gnu11;
				GCC_DYNAMIC_NO_PIC = NO;
				GCC_NO_COMMON_BLOCKS = YES;
				GCC_OPTIMIZATION_LEVEL = 0;
				GCC_PREPROCESSOR_DEFINITIONS = (
					"DEBUG=1",
					"$(inherited)",
				);
				GCC_WARN_64_TO_32_BIT_CONVERSION = YES;
				GCC_WARN_ABOUT_RETURN_TYPE = YES_ERROR;
				GCC_WARN_UNDECLARED_SELECTOR = YES;
				GCC_WARN_UNINITIALIZED_AUTOS = YES_AGGRESSIVE;
				GCC_WARN_UNUSED_FUNCTION = YES;
				GCC_WARN_UNUSED_VARIABLE = YES;
				IPHONEOS_DEPLOYMENT_TARGET = 16.4;
				MTL_ENABLE_DEBUG_INFO = INCLUDE_SOURCE;
				MTL_FAST_MATH = YES;
				ONLY_ACTIVE_ARCH = YES;
				SDKROOT = iphoneos;
				SWIFT_ACTIVE_COMPILATION_CONDITIONS = DEBUG;
				SWIFT_OPTIMIZATION_LEVEL = "-Onone";
			};
			name = Debug;
		};
		750BD35D2A24E5D200BD8945 /* Release */ = {
			isa = XCBuildConfiguration;
			buildSettings = {
				ALWAYS_SEARCH_USER_PATHS = NO;
				CLANG_ANALYZER_NONNULL = YES;
				CLANG_ANALYZER_NUMBER_OBJECT_CONVERSION = YES_AGGRESSIVE;
				CLANG_CXX_LANGUAGE_STANDARD = "gnu++20";
				CLANG_ENABLE_MODULES = YES;
				CLANG_ENABLE_OBJC_ARC = YES;
				CLANG_ENABLE_OBJC_WEAK = YES;
				CLANG_WARN_BLOCK_CAPTURE_AUTORELEASING = YES;
				CLANG_WARN_BOOL_CONVERSION = YES;
				CLANG_WARN_COMMA = YES;
				CLANG_WARN_CONSTANT_CONVERSION = YES;
				CLANG_WARN_DEPRECATED_OBJC_IMPLEMENTATIONS = YES;
				CLANG_WARN_DIRECT_OBJC_ISA_USAGE = YES_ERROR;
				CLANG_WARN_DOCUMENTATION_COMMENTS = YES;
				CLANG_WARN_EMPTY_BODY = YES;
				CLANG_WARN_ENUM_CONVERSION = YES;
				CLANG_WARN_INFINITE_RECURSION = YES;
				CLANG_WARN_INT_CONVERSION = YES;
				CLANG_WARN_NON_LITERAL_NULL_CONVERSION = YES;
				CLANG_WARN_OBJC_IMPLICIT_RETAIN_SELF = YES;
				CLANG_WARN_OBJC_LITERAL_CONVERSION = YES;
				CLANG_WARN_OBJC_ROOT_CLASS = YES_ERROR;
				CLANG_WARN_QUOTED_INCLUDE_IN_FRAMEWORK_HEADER = YES;
				CLANG_WARN_RANGE_LOOP_ANALYSIS = YES;
				CLANG_WARN_STRICT_PROTOTYPES = YES;
				CLANG_WARN_SUSPICIOUS_MOVE = YES;
				CLANG_WARN_UNGUARDED_AVAILABILITY = YES_AGGRESSIVE;
				CLANG_WARN_UNREACHABLE_CODE = YES;
				CLANG_WARN__DUPLICATE_METHOD_MATCH = YES;
				COPY_PHASE_STRIP = NO;
				DEBUG_INFORMATION_FORMAT = "dwarf-with-dsym";
				ENABLE_NS_ASSERTIONS = NO;
				ENABLE_STRICT_OBJC_MSGSEND = YES;
				GCC_C_LANGUAGE_STANDARD = gnu11;
				GCC_NO_COMMON_BLOCKS = YES;
				GCC_WARN_64_TO_32_BIT_CONVERSION = YES;
				GCC_WARN_ABOUT_RETURN_TYPE = YES_ERROR;
				GCC_WARN_UNDECLARED_SELECTOR = YES;
				GCC_WARN_UNINITIALIZED_AUTOS = YES_AGGRESSIVE;
				GCC_WARN_UNUSED_FUNCTION = YES;
				GCC_WARN_UNUSED_VARIABLE = YES;
				IPHONEOS_DEPLOYMENT_TARGET = 16.4;
				MTL_ENABLE_DEBUG_INFO = NO;
				MTL_FAST_MATH = YES;
				SDKROOT = iphoneos;
				SWIFT_COMPILATION_MODE = wholemodule;
				SWIFT_OPTIMIZATION_LEVEL = "-O";
				VALIDATE_PRODUCT = YES;
			};
			name = Release;
		};
		750BD35F2A24E5D200BD8945 /* Debug */ = {
			isa = XCBuildConfiguration;
			buildSettings = {
				ASSETCATALOG_COMPILER_APPICON_NAME = AppIcon;
				ASSETCATALOG_COMPILER_GLOBAL_ACCENT_COLOR_NAME = AccentColor;
				CODE_SIGN_STYLE = Automatic;
				CURRENT_PROJECT_VERSION = 1;
				DEVELOPMENT_TEAM = 825HU6AC3Z;
				GENERATE_INFOPLIST_FILE = YES;
				INFOPLIST_FILE = "Share Photo/Info.plist";
				INFOPLIST_KEY_UIApplicationSupportsIndirectInputEvents = YES;
				INFOPLIST_KEY_UILaunchStoryboardName = LaunchScreen;
				INFOPLIST_KEY_UIMainStoryboardFile = Main;
				INFOPLIST_KEY_UISupportedInterfaceOrientations_iPad = "UIInterfaceOrientationPortrait UIInterfaceOrientationPortraitUpsideDown UIInterfaceOrientationLandscapeLeft UIInterfaceOrientationLandscapeRight";
				INFOPLIST_KEY_UISupportedInterfaceOrientations_iPhone = "UIInterfaceOrientationPortrait UIInterfaceOrientationLandscapeLeft UIInterfaceOrientationLandscapeRight";
				LD_RUNPATH_SEARCH_PATHS = (
					"$(inherited)",
					"@executable_path/Frameworks",
				);
				MARKETING_VERSION = 1.0;
				PRODUCT_BUNDLE_IDENTIFIER = "co.EmirKeles.Share-Photo";
				PRODUCT_NAME = "$(TARGET_NAME)";
				SWIFT_EMIT_LOC_STRINGS = YES;
				SWIFT_VERSION = 5.0;
				TARGETED_DEVICE_FAMILY = "1,2";
			};
			name = Debug;
		};
		750BD3602A24E5D200BD8945 /* Release */ = {
			isa = XCBuildConfiguration;
			buildSettings = {
				ASSETCATALOG_COMPILER_APPICON_NAME = AppIcon;
				ASSETCATALOG_COMPILER_GLOBAL_ACCENT_COLOR_NAME = AccentColor;
				CODE_SIGN_STYLE = Automatic;
				CURRENT_PROJECT_VERSION = 1;
				DEVELOPMENT_TEAM = 825HU6AC3Z;
				GENERATE_INFOPLIST_FILE = YES;
				INFOPLIST_FILE = "Share Photo/Info.plist";
				INFOPLIST_KEY_UIApplicationSupportsIndirectInputEvents = YES;
				INFOPLIST_KEY_UILaunchStoryboardName = LaunchScreen;
				INFOPLIST_KEY_UIMainStoryboardFile = Main;
				INFOPLIST_KEY_UISupportedInterfaceOrientations_iPad = "UIInterfaceOrientationPortrait UIInterfaceOrientationPortraitUpsideDown UIInterfaceOrientationLandscapeLeft UIInterfaceOrientationLandscapeRight";
				INFOPLIST_KEY_UISupportedInterfaceOrientations_iPhone = "UIInterfaceOrientationPortrait UIInterfaceOrientationLandscapeLeft UIInterfaceOrientationLandscapeRight";
				LD_RUNPATH_SEARCH_PATHS = (
					"$(inherited)",
					"@executable_path/Frameworks",
				);
				MARKETING_VERSION = 1.0;
				PRODUCT_BUNDLE_IDENTIFIER = "co.EmirKeles.Share-Photo";
				PRODUCT_NAME = "$(TARGET_NAME)";
				SWIFT_EMIT_LOC_STRINGS = YES;
				SWIFT_VERSION = 5.0;
				TARGETED_DEVICE_FAMILY = "1,2";
			};
			name = Release;
		};
/* End XCBuildConfiguration section */

/* Begin XCConfigurationList section */
		750BD3452A24E5D100BD8945 /* Build configuration list for PBXProject "Share Photo" */ = {
			isa = XCConfigurationList;
			buildConfigurations = (
				750BD35C2A24E5D200BD8945 /* Debug */,
				750BD35D2A24E5D200BD8945 /* Release */,
			);
			defaultConfigurationIsVisible = 0;
			defaultConfigurationName = Release;
		};
		750BD35E2A24E5D200BD8945 /* Build configuration list for PBXNativeTarget "Share Photo" */ = {
			isa = XCConfigurationList;
			buildConfigurations = (
				750BD35F2A24E5D200BD8945 /* Debug */,
				750BD3602A24E5D200BD8945 /* Release */,
			);
			defaultConfigurationIsVisible = 0;
			defaultConfigurationName = Release;
		};
/* End XCConfigurationList section */

/* Begin XCRemoteSwiftPackageReference section */
		750BD3722A25270400BD8945 /* XCRemoteSwiftPackageReference "firebase-ios-sdk" */ = {
			isa = XCRemoteSwiftPackageReference;
			repositoryURL = "https://github.com/firebase/firebase-ios-sdk.git";
			requirement = {
				kind = upToNextMajorVersion;
				minimumVersion = 10.0.0;
			};
		};
		75DAC4582A261CF5000C56D5 /* XCRemoteSwiftPackageReference "SDWebImage" */ = {
			isa = XCRemoteSwiftPackageReference;
			repositoryURL = "https://github.com/SDWebImage/SDWebImage";
			requirement = {
				kind = upToNextMajorVersion;
				minimumVersion = 5.0.0;
			};
		};
/* End XCRemoteSwiftPackageReference section */

/* Begin XCSwiftPackageProductDependency section */
		750BD3732A25270400BD8945 /* FirebaseAuth */ = {
			isa = XCSwiftPackageProductDependency;
			package = 750BD3722A25270400BD8945 /* XCRemoteSwiftPackageReference "firebase-ios-sdk" */;
			productName = FirebaseAuth;
		};
		750BD3752A25270400BD8945 /* FirebaseAuthCombine-Community */ = {
			isa = XCSwiftPackageProductDependency;
			package = 750BD3722A25270400BD8945 /* XCRemoteSwiftPackageReference "firebase-ios-sdk" */;
			productName = "FirebaseAuthCombine-Community";
		};
		750BD3772A25270400BD8945 /* FirebaseFirestore */ = {
			isa = XCSwiftPackageProductDependency;
			package = 750BD3722A25270400BD8945 /* XCRemoteSwiftPackageReference "firebase-ios-sdk" */;
			productName = FirebaseFirestore;
		};
		750BD3792A25270400BD8945 /* FirebaseFirestoreCombine-Community */ = {
			isa = XCSwiftPackageProductDependency;
			package = 750BD3722A25270400BD8945 /* XCRemoteSwiftPackageReference "firebase-ios-sdk" */;
			productName = "FirebaseFirestoreCombine-Community";
		};
		750BD37B2A25270400BD8945 /* FirebaseFirestoreSwift */ = {
			isa = XCSwiftPackageProductDependency;
			package = 750BD3722A25270400BD8945 /* XCRemoteSwiftPackageReference "firebase-ios-sdk" */;
			productName = FirebaseFirestoreSwift;
		};
		750BD37D2A25270400BD8945 /* FirebaseStorage */ = {
			isa = XCSwiftPackageProductDependency;
			package = 750BD3722A25270400BD8945 /* XCRemoteSwiftPackageReference "firebase-ios-sdk" */;
			productName = FirebaseStorage;
		};
		750BD37F2A25270400BD8945 /* FirebaseStorageCombine-Community */ = {
			isa = XCSwiftPackageProductDependency;
			package = 750BD3722A25270400BD8945 /* XCRemoteSwiftPackageReference "firebase-ios-sdk" */;
			productName = "FirebaseStorageCombine-Community";
		};
		75DAC4592A261CF5000C56D5 /* SDWebImage */ = {
			isa = XCSwiftPackageProductDependency;
			package = 75DAC4582A261CF5000C56D5 /* XCRemoteSwiftPackageReference "SDWebImage" */;
			productName = SDWebImage;
		};
/* End XCSwiftPackageProductDependency section */
	};
	rootObject = 750BD3422A24E5D100BD8945 /* Project object */;
}
